
Microsoft Visual Studio Solution File, Format Version 12.00
# Visual Studio Version 16
VisualStudioVersion = 16.0.31321.278
MinimumVisualStudioVersion = 10.0.40219.1
Project("{FAE04EC0-301F-11D3-BF4B-00C04F79EFBC}") = "WpfAppGameGeeks", "WpfAppGameGeeks\WpfAppGameGeeks.csproj", "{3DAA2283-4269-476F-B6E5-C71F17573E70}"
EndProject
Global
	GlobalSection(SolutionConfigurationPlatforms) = preSolution
		Debug|Any CPU = Debug|Any CPU
		Release|Any CPU = Release|Any CPU
	EndGlobalSection
	GlobalSection(ProjectConfigurationPlatforms) = postSolution
		{3DAA2283-4269-476F-B6E5-C71F17573E70}.Debug|Any CPU.ActiveCfg = Debug|Any CPU
		{3DAA2283-4269-476F-B6E5-C71F17573E70}.Debug|Any CPU.Build.0 = Debug|Any CPU
		{3DAA2283-4269-476F-B6E5-C71F17573E70}.Release|Any CPU.ActiveCfg = Release|Any CPU
		{3DAA2283-4269-476F-B6E5-C71F17573E70}.Release|Any CPU.Build.0 = Release|Any CPU
	EndGlobalSection
	GlobalSection(SolutionProperties) = preSolution
		HideSolutionNode = FALSE
	EndGlobalSection
	GlobalSection(ExtensibilityGlobals) = postSolution
		SolutionGuid = {41F9B88B-4ABB-4749-8444-151C3A91BE58}
	EndGlobalSection
EndGlobal
